
Microsoft Visual Studio Solution File, Format Version 11.00
# Visual Studio 2010
Project("{FAE04EC0-301F-11D3-BF4B-00C04F79EFBC}") = "Assembly-CSharp", "Assembly-CSharp.csproj", "{02ccd85b-3ab2-4c60-5594-afe22a9874cd}"
EndProject
Global
	GlobalSection(SolutionConfigurationPlatforms) = preSolution
		Debug|Any CPU = Debug|Any CPU
		Release|Any CPU = Release|Any CPU
	EndGlobalSection
	GlobalSection(ProjectConfigurationPlatforms) = postSolution
		{02ccd85b-3ab2-4c60-5594-afe22a9874cd}.Debug|Any CPU.ActiveCfg = Debug|Any CPU
		{02ccd85b-3ab2-4c60-5594-afe22a9874cd}.Debug|Any CPU.Build.0 = Debug|Any CPU
		{02ccd85b-3ab2-4c60-5594-afe22a9874cd}.Release|Any CPU.ActiveCfg = Release|Any CPU
		{02ccd85b-3ab2-4c60-5594-afe22a9874cd}.Release|Any CPU.Build.0 = Release|Any CPU
	EndGlobalSection
	GlobalSection(SolutionProperties) = preSolution
		HideSolutionNode = FALSE
	EndGlobalSection
EndGlobal
